
Microsoft Visual Studio Solution File, Format Version 12.00
# Visual Studio 15
VisualStudioVersion = 15.0.28010.2003
MinimumVisualStudioVersion = 10.0.40219.1
Project("{FAE04EC0-301F-11D3-BF4B-00C04F79EFBC}") = "FinalCarrascoHernandezMarin", "FinalCarrascoHernandezMarin.csproj", "{7F8B8B6B-8AFA-45CF-BA34-71430F3EDAED}"
EndProject
Global
	GlobalSection(SolutionConfigurationPlatforms) = preSolution
		Debug|Any CPU = Debug|Any CPU
		Release|Any CPU = Release|Any CPU
	EndGlobalSection
	GlobalSection(ProjectConfigurationPlatforms) = postSolution
		{7F8B8B6B-8AFA-45CF-BA34-71430F3EDAED}.Debug|Any CPU.ActiveCfg = Debug|Any CPU
		{7F8B8B6B-8AFA-45CF-BA34-71430F3EDAED}.Debug|Any CPU.Build.0 = Debug|Any CPU
		{7F8B8B6B-8AFA-45CF-BA34-71430F3EDAED}.Release|Any CPU.ActiveCfg = Release|Any CPU
		{7F8B8B6B-8AFA-45CF-BA34-71430F3EDAED}.Release|Any CPU.Build.0 = Release|Any CPU
	EndGlobalSection
	GlobalSection(SolutionProperties) = preSolution
		HideSolutionNode = FALSE
	EndGlobalSection
	GlobalSection(ExtensibilityGlobals) = postSolution
		SolutionGuid = {B403C631-197F-47CD-A92D-FF5ECCCCDA63}
	EndGlobalSection
EndGlobal
